Microsoft Visual Studio Solution File, Format Version 12.00
# Visual Studio Version 17
VisualStudioVersion = 17.3.32922.545
MinimumVisualStudioVersion = 10.0.40219.1
Project("{9A19103F-16F7-4668-BE54-9A1E7A4F7556}") = "Artemis.Plugins.Games.StardewValley.GSI", "Artemis.Plugins.Games.StardewValley.GSI\Artemis.Plugins.Games.StardewValley.GSI.csproj", "{805CDC1B-6AB7-4CDC-85EA-0C1146090B6A}"
EndProject
Project("{9A19103F-16F7-4668-BE54-9A1E7A4F7556}") = "Artemis.Plugins.Games.StardewValley.Module", "Artemis.Plugins.Games.StardewValley.Module\Artemis.Plugins.Games.StardewValley.Module.csproj", "{295DB2A2-8F0B-4945-BECF-15EA3FB9A638}"
EndProject
Global
	GlobalSection(SolutionConfigurationPlatforms) = preSolution
		Debug|Any CPU = Debug|Any CPU
		Debug|x64 = Debug|x64
		Release|Any CPU = Release|Any CPU
		Release|x64 = Release|x64
	EndGlobalSection
	GlobalSection(ProjectConfigurationPlatforms) = postSolution
		{805CDC1B-6AB7-4CDC-85EA-0C1146090B6A}.Debug|Any CPU.ActiveCfg = Debug|Any CPU
		{805CDC1B-6AB7-4CDC-85EA-0C1146090B6A}.Debug|Any CPU.Build.0 = Debug|Any CPU
		{805CDC1B-6AB7-4CDC-85EA-0C1146090B6A}.Debug|x64.ActiveCfg = Debug|Any CPU
		{805CDC1B-6AB7-4CDC-85EA-0C1146090B6A}.Debug|x64.Build.0 = Debug|Any CPU
		{805CDC1B-6AB7-4CDC-85EA-0C1146090B6A}.Release|Any CPU.ActiveCfg = Release|Any CPU
		{805CDC1B-6AB7-4CDC-85EA-0C1146090B6A}.Release|Any CPU.Build.0 = Release|Any CPU
		{805CDC1B-6AB7-4CDC-85EA-0C1146090B6A}.Release|x64.ActiveCfg = Release|Any CPU
		{805CDC1B-6AB7-4CDC-85EA-0C1146090B6A}.Release|x64.Build.0 = Release|Any CPU
		{295DB2A2-8F0B-4945-BECF-15EA3FB9A638}.Debug|Any CPU.ActiveCfg = Debug|x64
		{295DB2A2-8F0B-4945-BECF-15EA3FB9A638}.Debug|Any CPU.Build.0 = Debug|x64
		{295DB2A2-8F0B-4945-BECF-15EA3FB9A638}.Debug|x64.ActiveCfg = Debug|x64
		{295DB2A2-8F0B-4945-BECF-15EA3FB9A638}.Debug|x64.Build.0 = Debug|x64
		{295DB2A2-8F0B-4945-BECF-15EA3FB9A638}.Release|Any CPU.ActiveCfg = Release|x64
		{295DB2A2-8F0B-4945-BECF-15EA3FB9A638}.Release|Any CPU.Build.0 = Release|x64
		{295DB2A2-8F0B-4945-BECF-15EA3FB9A638}.Release|x64.ActiveCfg = Release|x64
		{295DB2A2-8F0B-4945-BECF-15EA3FB9A638}.Release|x64.Build.0 = Release|x64
	EndGlobalSection
	GlobalSection(SolutionProperties) = preSolution
		HideSolutionNode = FALSE
	EndGlobalSection
	GlobalSection(ExtensibilityGlobals) = postSolution
		SolutionGuid = {E7E587B6-6870-4533-80DE-BC3994C6F978}
	EndGlobalSection
EndGlobal
